
Microsoft Visual Studio Solution File, Format Version 10.00
# Visual Studio 2008
Project("{FAE04EC0-301F-11D3-BF4B-00C04F79EFBC}") = "FluentMigrator.Example", "FluentMigrator.Example\FluentMigrator.Example.csproj", "{2311E80D-B026-4A8E-942B-20C6CEC73B77}"
EndProject
Global
	GlobalSection(SolutionConfigurationPlatforms) = preSolution
		Debug|Any CPU = Debug|Any CPU
		Release|Any CPU = Release|Any CPU
	EndGlobalSection
	GlobalSection(ProjectConfigurationPlatforms) = postSolution
		{2311E80D-B026-4A8E-942B-20C6CEC73B77}.Debug|Any CPU.ActiveCfg = Debug|Any CPU
		{2311E80D-B026-4A8E-942B-20C6CEC73B77}.Debug|Any CPU.Build.0 = Debug|Any CPU
		{2311E80D-B026-4A8E-942B-20C6CEC73B77}.Release|Any CPU.ActiveCfg = Release|Any CPU
		{2311E80D-B026-4A8E-942B-20C6CEC73B77}.Release|Any CPU.Build.0 = Release|Any CPU
	EndGlobalSection
	GlobalSection(SolutionProperties) = preSolution
		HideSolutionNode = FALSE
	EndGlobalSection
EndGlobal
