
Microsoft Visual Studio Solution File, Format Version 11.00
# Visual Studio 2010
Project("{2150E333-8FDC-42A3-9474-1A3956D46DE8}") = "Runners", "Runners", "{CB10ADAF-FB42-457B-ADFE-7CF866C5DA6E}"
EndProject
Project("{2150E333-8FDC-42A3-9474-1A3956D46DE8}") = "Core", "Core", "{C17FACD1-2740-44B5-8E6E-B7FF0D54CA40}"
EndProject
Project("{2150E333-8FDC-42A3-9474-1A3956D46DE8}") = "Tests", "Tests", "{D264186F-3ED6-482D-8E1A-F41C2F83C711}"
EndProject
Project("{2150E333-8FDC-42A3-9474-1A3956D46DE8}") = "Solution Items", "Solution Items", "{64A04012-A9E7-4DE9-8927-DD1DD5E2523A}"
EndProject
Project("{FAE04EC0-301F-11D3-BF4B-00C04F79EFBC}") = "FluentMigrator.Runner", "src\FluentMigrator.Runner\FluentMigrator.Runner.csproj", "{CB468AD6-60C2-42E9-B3B0-01968EF94C65}"
EndProject
Project("{FAE04EC0-301F-11D3-BF4B-00C04F79EFBC}") = "FluentMigrator.Tests", "src\FluentMigrator.Tests\FluentMigrator.Tests.csproj", "{5DFD1A3B-7258-4C05-88F9-02A1EA3F5D9C}"
EndProject
Project("{FAE04EC0-301F-11D3-BF4B-00C04F79EFBC}") = "FluentMigrator", "src\FluentMigrator\FluentMigrator.csproj", "{FD9410F9-6FEA-47F7-A78E-B4F6FB0539B8}"
EndProject
Project("{FAE04EC0-301F-11D3-BF4B-00C04F79EFBC}") = "FluentMigrator.Console", "src\FluentMigrator.Console\FluentMigrator.Console.csproj", "{664C7334-B44B-4D62-A0F8-063805D630AA}"
EndProject
Project("{FAE04EC0-301F-11D3-BF4B-00C04F79EFBC}") = "FluentMigrator.NAnt", "src\FluentMigrator.NAnt\FluentMigrator.NAnt.csproj", "{C2B629E5-9394-48DA-A9E8-4999B398F37E}"
EndProject
Project("{FAE04EC0-301F-11D3-BF4B-00C04F79EFBC}") = "FluentMigrator.MSBuild", "src\FluentMigrator.MSBuild\FluentMigrator.MSBuild.csproj", "{97849F97-BD7D-453B-B0CF-6CD922BB1596}"
EndProject
Project("{2150E333-8FDC-42A3-9474-1A3956D46DE8}") = "SchemaDump", "SchemaDump", "{61F1CBE8-A3C1-4153-84E3-4CA3E0E23ACD}"
EndProject
Project("{FAE04EC0-301F-11D3-BF4B-00C04F79EFBC}") = "FluentMigrator.SchemaDump", "src\FluentMigrator.SchemaDump\FluentMigrator.SchemaDump.csproj", "{F81E3EAB-CD44-4B55-A0EC-16F05CB45413}"
EndProject
Global
	GlobalSection(SolutionConfigurationPlatforms) = preSolution
		AutomatedRelease|Any CPU = AutomatedRelease|Any CPU
		AutomatedRelease|x86 = AutomatedRelease|x86
		Debug|Any CPU = Debug|Any CPU
		Debug|x86 = Debug|x86
		Release|Any CPU = Release|Any CPU
		Release|x86 = Release|x86
	EndGlobalSection
	GlobalSection(ProjectConfigurationPlatforms) = postSolution
		{CB468AD6-60C2-42E9-B3B0-01968EF94C65}.AutomatedRelease|Any CPU.ActiveCfg = AutomatedRelease|Any CPU
		{CB468AD6-60C2-42E9-B3B0-01968EF94C65}.AutomatedRelease|Any CPU.Build.0 = AutomatedRelease|Any CPU
		{CB468AD6-60C2-42E9-B3B0-01968EF94C65}.AutomatedRelease|x86.ActiveCfg = AutomatedRelease|x86
		{CB468AD6-60C2-42E9-B3B0-01968EF94C65}.AutomatedRelease|x86.Build.0 = AutomatedRelease|x86
		{CB468AD6-60C2-42E9-B3B0-01968EF94C65}.Debug|Any CPU.ActiveCfg = Debug|Any CPU
		{CB468AD6-60C2-42E9-B3B0-01968EF94C65}.Debug|Any CPU.Build.0 = Debug|Any CPU
		{CB468AD6-60C2-42E9-B3B0-01968EF94C65}.Debug|x86.ActiveCfg = Debug|x86
		{CB468AD6-60C2-42E9-B3B0-01968EF94C65}.Debug|x86.Build.0 = Debug|x86
		{CB468AD6-60C2-42E9-B3B0-01968EF94C65}.Release|Any CPU.ActiveCfg = Release|Any CPU
		{CB468AD6-60C2-42E9-B3B0-01968EF94C65}.Release|Any CPU.Build.0 = Release|Any CPU
		{CB468AD6-60C2-42E9-B3B0-01968EF94C65}.Release|x86.ActiveCfg = Release|x86
		{CB468AD6-60C2-42E9-B3B0-01968EF94C65}.Release|x86.Build.0 = Release|x86
		{5DFD1A3B-7258-4C05-88F9-02A1EA3F5D9C}.AutomatedRelease|Any CPU.ActiveCfg = AutomatedRelease|Any CPU
		{5DFD1A3B-7258-4C05-88F9-02A1EA3F5D9C}.AutomatedRelease|Any CPU.Build.0 = AutomatedRelease|Any CPU
		{5DFD1A3B-7258-4C05-88F9-02A1EA3F5D9C}.AutomatedRelease|x86.ActiveCfg = AutomatedRelease|x86
		{5DFD1A3B-7258-4C05-88F9-02A1EA3F5D9C}.AutomatedRelease|x86.Build.0 = AutomatedRelease|x86
		{5DFD1A3B-7258-4C05-88F9-02A1EA3F5D9C}.Debug|Any CPU.ActiveCfg = Debug|Any CPU
		{5DFD1A3B-7258-4C05-88F9-02A1EA3F5D9C}.Debug|Any CPU.Build.0 = Debug|Any CPU
		{5DFD1A3B-7258-4C05-88F9-02A1EA3F5D9C}.Debug|x86.ActiveCfg = Debug|x86
		{5DFD1A3B-7258-4C05-88F9-02A1EA3F5D9C}.Debug|x86.Build.0 = Debug|x86
		{5DFD1A3B-7258-4C05-88F9-02A1EA3F5D9C}.Release|Any CPU.ActiveCfg = Release|Any CPU
		{5DFD1A3B-7258-4C05-88F9-02A1EA3F5D9C}.Release|Any CPU.Build.0 = Release|Any CPU
		{5DFD1A3B-7258-4C05-88F9-02A1EA3F5D9C}.Release|x86.ActiveCfg = Release|x86
		{5DFD1A3B-7258-4C05-88F9-02A1EA3F5D9C}.Release|x86.Build.0 = Release|x86
		{FD9410F9-6FEA-47F7-A78E-B4F6FB0539B8}.AutomatedRelease|Any CPU.ActiveCfg = AutomatedRelease|Any CPU
		{FD9410F9-6FEA-47F7-A78E-B4F6FB0539B8}.AutomatedRelease|Any CPU.Build.0 = AutomatedRelease|Any CPU
		{FD9410F9-6FEA-47F7-A78E-B4F6FB0539B8}.AutomatedRelease|x86.ActiveCfg = AutomatedRelease|x86
		{FD9410F9-6FEA-47F7-A78E-B4F6FB0539B8}.AutomatedRelease|x86.Build.0 = AutomatedRelease|x86
		{FD9410F9-6FEA-47F7-A78E-B4F6FB0539B8}.Debug|Any CPU.ActiveCfg = Debug|Any CPU
		{FD9410F9-6FEA-47F7-A78E-B4F6FB0539B8}.Debug|Any CPU.Build.0 = Debug|Any CPU
		{FD9410F9-6FEA-47F7-A78E-B4F6FB0539B8}.Debug|x86.ActiveCfg = Debug|x86
		{FD9410F9-6FEA-47F7-A78E-B4F6FB0539B8}.Debug|x86.Build.0 = Debug|x86
		{FD9410F9-6FEA-47F7-A78E-B4F6FB0539B8}.Release|Any CPU.ActiveCfg = Release|Any CPU
		{FD9410F9-6FEA-47F7-A78E-B4F6FB0539B8}.Release|Any CPU.Build.0 = Release|Any CPU
		{FD9410F9-6FEA-47F7-A78E-B4F6FB0539B8}.Release|x86.ActiveCfg = Release|x86
		{FD9410F9-6FEA-47F7-A78E-B4F6FB0539B8}.Release|x86.Build.0 = Release|x86
		{664C7334-B44B-4D62-A0F8-063805D630AA}.AutomatedRelease|Any CPU.ActiveCfg = AutomatedRelease|Any CPU
		{664C7334-B44B-4D62-A0F8-063805D630AA}.AutomatedRelease|Any CPU.Build.0 = AutomatedRelease|Any CPU
		{664C7334-B44B-4D62-A0F8-063805D630AA}.AutomatedRelease|x86.ActiveCfg = Release|x86
		{664C7334-B44B-4D62-A0F8-063805D630AA}.AutomatedRelease|x86.Build.0 = Release|x86
		{664C7334-B44B-4D62-A0F8-063805D630AA}.Debug|Any CPU.ActiveCfg = Debug|x86
		{664C7334-B44B-4D62-A0F8-063805D630AA}.Debug|Any CPU.Build.0 = Debug|x86
		{664C7334-B44B-4D62-A0F8-063805D630AA}.Debug|x86.ActiveCfg = Debug|x86
		{664C7334-B44B-4D62-A0F8-063805D630AA}.Debug|x86.Build.0 = Debug|x86
		{664C7334-B44B-4D62-A0F8-063805D630AA}.Release|Any CPU.ActiveCfg = Release|Any CPU
		{664C7334-B44B-4D62-A0F8-063805D630AA}.Release|Any CPU.Build.0 = Release|Any CPU
		{664C7334-B44B-4D62-A0F8-063805D630AA}.Release|x86.ActiveCfg = Release|x86
		{664C7334-B44B-4D62-A0F8-063805D630AA}.Release|x86.Build.0 = Release|x86
		{C2B629E5-9394-48DA-A9E8-4999B398F37E}.AutomatedRelease|Any CPU.ActiveCfg = AutomatedRelease|Any CPU
		{C2B629E5-9394-48DA-A9E8-4999B398F37E}.AutomatedRelease|Any CPU.Build.0 = AutomatedRelease|Any CPU
		{C2B629E5-9394-48DA-A9E8-4999B398F37E}.AutomatedRelease|x86.ActiveCfg = Release|Any CPU
		{C2B629E5-9394-48DA-A9E8-4999B398F37E}.Debug|Any CPU.ActiveCfg = Debug|Any CPU
		{C2B629E5-9394-48DA-A9E8-4999B398F37E}.Debug|Any CPU.Build.0 = Debug|Any CPU
		{C2B629E5-9394-48DA-A9E8-4999B398F37E}.Debug|x86.ActiveCfg = Debug|Any CPU
		{C2B629E5-9394-48DA-A9E8-4999B398F37E}.Release|Any CPU.ActiveCfg = Release|Any CPU
		{C2B629E5-9394-48DA-A9E8-4999B398F37E}.Release|Any CPU.Build.0 = Release|Any CPU
		{C2B629E5-9394-48DA-A9E8-4999B398F37E}.Release|x86.ActiveCfg = Release|Any CPU
		{97849F97-BD7D-453B-B0CF-6CD922BB1596}.AutomatedRelease|Any CPU.ActiveCfg = AutomatedRelease|Any CPU
		{97849F97-BD7D-453B-B0CF-6CD922BB1596}.AutomatedRelease|Any CPU.Build.0 = AutomatedRelease|Any CPU
		{97849F97-BD7D-453B-B0CF-6CD922BB1596}.AutomatedRelease|x86.ActiveCfg = AutomatedRelease|Any CPU
		{97849F97-BD7D-453B-B0CF-6CD922BB1596}.Debug|Any CPU.ActiveCfg = Debug|Any CPU
		{97849F97-BD7D-453B-B0CF-6CD922BB1596}.Debug|Any CPU.Build.0 = Debug|Any CPU
		{97849F97-BD7D-453B-B0CF-6CD922BB1596}.Debug|x86.ActiveCfg = Debug|Any CPU
		{97849F97-BD7D-453B-B0CF-6CD922BB1596}.Release|Any CPU.ActiveCfg = Release|Any CPU
		{97849F97-BD7D-453B-B0CF-6CD922BB1596}.Release|Any CPU.Build.0 = Release|Any CPU
		{97849F97-BD7D-453B-B0CF-6CD922BB1596}.Release|x86.ActiveCfg = Release|Any CPU
		{F81E3EAB-CD44-4B55-A0EC-16F05CB45413}.AutomatedRelease|Any CPU.ActiveCfg = Release|Any CPU
		{F81E3EAB-CD44-4B55-A0EC-16F05CB45413}.AutomatedRelease|Any CPU.Build.0 = Release|Any CPU
		{F81E3EAB-CD44-4B55-A0EC-16F05CB45413}.AutomatedRelease|x86.ActiveCfg = Release|Any CPU
		{F81E3EAB-CD44-4B55-A0EC-16F05CB45413}.Debug|Any CPU.ActiveCfg = Debug|Any CPU
		{F81E3EAB-CD44-4B55-A0EC-16F05CB45413}.Debug|Any CPU.Build.0 = Debug|Any CPU
		{F81E3EAB-CD44-4B55-A0EC-16F05CB45413}.Debug|x86.ActiveCfg = Debug|Any CPU
		{F81E3EAB-CD44-4B55-A0EC-16F05CB45413}.Release|Any CPU.ActiveCfg = Release|Any CPU
		{F81E3EAB-CD44-4B55-A0EC-16F05CB45413}.Release|Any CPU.Build.0 = Release|Any CPU
		{F81E3EAB-CD44-4B55-A0EC-16F05CB45413}.Release|x86.ActiveCfg = Release|Any CPU
	EndGlobalSection
	GlobalSection(SolutionProperties) = preSolution
		HideSolutionNode = FALSE
	EndGlobalSection
	GlobalSection(NestedProjects) = preSolution
		{CB468AD6-60C2-42E9-B3B0-01968EF94C65} = {CB10ADAF-FB42-457B-ADFE-7CF866C5DA6E}
		{664C7334-B44B-4D62-A0F8-063805D630AA} = {CB10ADAF-FB42-457B-ADFE-7CF866C5DA6E}
		{C2B629E5-9394-48DA-A9E8-4999B398F37E} = {CB10ADAF-FB42-457B-ADFE-7CF866C5DA6E}
		{97849F97-BD7D-453B-B0CF-6CD922BB1596} = {CB10ADAF-FB42-457B-ADFE-7CF866C5DA6E}
		{FD9410F9-6FEA-47F7-A78E-B4F6FB0539B8} = {C17FACD1-2740-44B5-8E6E-B7FF0D54CA40}
		{5DFD1A3B-7258-4C05-88F9-02A1EA3F5D9C} = {D264186F-3ED6-482D-8E1A-F41C2F83C711}
		{F81E3EAB-CD44-4B55-A0EC-16F05CB45413} = {61F1CBE8-A3C1-4153-84E3-4CA3E0E23ACD}
	EndGlobalSection
EndGlobal
