
Microsoft Visual Studio Solution File, Format Version 12.00
# Visual Studio Version 17
VisualStudioVersion = 17.7.34031.279
MinimumVisualStudioVersion = 10.0.40219.1
Project("{2150E333-8FDC-42A3-9474-1A3956D46DE8}") = "Solution Items", "Solution Items", "{2AC15906-580E-4530-A860-6BA6301CAD2E}"
	ProjectSection(SolutionItems) = preProject
		.editorconfig = .editorconfig
		CHANGELOG.md = CHANGELOG.md
		Directory.Build.props = Directory.Build.props
		docs\logo.png = docs\logo.png
		nuget.config = nuget.config
		README.md = README.md
	EndProjectSection
EndProject
Project("{9A19103F-16F7-4668-BE54-9A1E7A4F7556}") = "FluentMigrator.Runner", "src\FluentMigrator.Runner\FluentMigrator.Runner.csproj", "{0433595D-963A-49BE-BF05-9F293D88C7B2}"
EndProject
Project("{9A19103F-16F7-4668-BE54-9A1E7A4F7556}") = "FluentMigrator.Console", "src\FluentMigrator.Console\FluentMigrator.Console.csproj", "{BA16361A-27F8-45AD-BACD-357EA181AF25}"
EndProject
Project("{2150E333-8FDC-42A3-9474-1A3956D46DE8}") = "src", "src", "{16DED0B3-1401-43AD-9402-3DC90918FFD7}"
EndProject
Project("{9A19103F-16F7-4668-BE54-9A1E7A4F7556}") = "FluentMigrator.MSBuild", "src\FluentMigrator.MSBuild\FluentMigrator.MSBuild.csproj", "{49EEA395-BF7E-470C-8302-802C455C478F}"
EndProject
Project("{2150E333-8FDC-42A3-9474-1A3956D46DE8}") = "test", "test", "{CE354F3F-F5B9-4723-A5A1-26B37E949103}"
EndProject
Project("{9A19103F-16F7-4668-BE54-9A1E7A4F7556}") = "FluentMigrator.Tests", "test\FluentMigrator.Tests\FluentMigrator.Tests.csproj", "{706A4E07-6F35-4043-994E-3A9A9C957588}"
EndProject
Project("{2150E333-8FDC-42A3-9474-1A3956D46DE8}") = "runners", "runners", "{9D911F62-908F-4067-A487-73D146993031}"
EndProject
Project("{2150E333-8FDC-42A3-9474-1A3956D46DE8}") = "db-support", "db-support", "{BFDA3B73-2F8E-4AFF-A6EF-322B9FECD3D1}"
EndProject
Project("{9A19103F-16F7-4668-BE54-9A1E7A4F7556}") = "FluentMigrator.Runner.Db2", "src\FluentMigrator.Runner.Db2\FluentMigrator.Runner.Db2.csproj", "{74701612-22E1-4AE0-A2E3-569A3739B83C}"
EndProject
Project("{9A19103F-16F7-4668-BE54-9A1E7A4F7556}") = "FluentMigrator.Runner.Firebird", "src\FluentMigrator.Runner.Firebird\FluentMigrator.Runner.Firebird.csproj", "{F45F08C9-8BC3-4A94-9379-17BD7CA8A06C}"
EndProject
Project("{9A19103F-16F7-4668-BE54-9A1E7A4F7556}") = "FluentMigrator.Runner.Hana", "src\FluentMigrator.Runner.Hana\FluentMigrator.Runner.Hana.csproj", "{03120909-BA96-434A-ACF0-A622C7473466}"
EndProject
Project("{9A19103F-16F7-4668-BE54-9A1E7A4F7556}") = "FluentMigrator.Runner.Jet", "src\FluentMigrator.Runner.Jet\FluentMigrator.Runner.Jet.csproj", "{B63EA23B-3802-4351-B847-EC3C55AE9258}"
EndProject
Project("{9A19103F-16F7-4668-BE54-9A1E7A4F7556}") = "FluentMigrator.Runner.MySql", "src\FluentMigrator.Runner.MySql\FluentMigrator.Runner.MySql.csproj", "{AC8481CA-A0F1-40BB-AA47-C1D0A924A837}"
EndProject
Project("{9A19103F-16F7-4668-BE54-9A1E7A4F7556}") = "FluentMigrator.Runner.SQLite", "src\FluentMigrator.Runner.SQLite\FluentMigrator.Runner.SQLite.csproj", "{26336AEF-C40C-4150-8CDD-92E090EDE315}"
EndProject
Project("{9A19103F-16F7-4668-BE54-9A1E7A4F7556}") = "FluentMigrator.Runner.Postgres", "src\FluentMigrator.Runner.Postgres\FluentMigrator.Runner.Postgres.csproj", "{A8B3A4AB-2B45-4949-B458-FD5910FFDD53}"
EndProject
Project("{9A19103F-16F7-4668-BE54-9A1E7A4F7556}") = "FluentMigrator.Runner.SqlServer", "src\FluentMigrator.Runner.SqlServer\FluentMigrator.Runner.SqlServer.csproj", "{D80C213E-750F-4AC7-89FF-DC6938554AA2}"
EndProject
Project("{9A19103F-16F7-4668-BE54-9A1E7A4F7556}") = "FluentMigrator.Runner.Oracle", "src\FluentMigrator.Runner.Oracle\FluentMigrator.Runner.Oracle.csproj", "{841E2717-7F9D-4033-AB24-D9ABBA934AEC}"
EndProject
Project("{9A19103F-16F7-4668-BE54-9A1E7A4F7556}") = "FluentMigrator.Runner.Core", "src\FluentMigrator.Runner.Core\FluentMigrator.Runner.Core.csproj", "{A35186EC-1822-41CE-BD61-8F82AC96E8C2}"
EndProject
Project("{9A19103F-16F7-4668-BE54-9A1E7A4F7556}") = "FluentMigrator.Abstractions", "src\FluentMigrator.Abstractions\FluentMigrator.Abstractions.csproj", "{CC0DC74D-76BC-4092-955D-79C7BA917694}"
EndProject
Project("{9A19103F-16F7-4668-BE54-9A1E7A4F7556}") = "FluentMigrator.DotNet.Cli", "src\FluentMigrator.DotNet.Cli\FluentMigrator.DotNet.Cli.csproj", "{654574F7-E02A-4D59-972F-E64D07419BE3}"
EndProject
Project("{9A19103F-16F7-4668-BE54-9A1E7A4F7556}") = "FluentMigrator.Extensions.SqlServer", "src\FluentMigrator.Extensions.SqlServer\FluentMigrator.Extensions.SqlServer.csproj", "{A4418905-CC19-41DD-8B41-9C2FDD4E5CDE}"
EndProject
Project("{9A19103F-16F7-4668-BE54-9A1E7A4F7556}") = "FluentMigrator.Runner.Redshift", "src\FluentMigrator.Runner.Redshift\FluentMigrator.Runner.Redshift.csproj", "{84556028-BC75-4C2C-B943-532F49A8DBF6}"
EndProject
Project("{2150E333-8FDC-42A3-9474-1A3956D46DE8}") = "samples", "samples", "{DE3C74CA-1396-44E6-B46B-5536BC9771DB}"
EndProject
Project("{9A19103F-16F7-4668-BE54-9A1E7A4F7556}") = "FluentMigrator.Example.Migrations", "samples\FluentMigrator.Example.Migrations\FluentMigrator.Example.Migrations.csproj", "{391CBF2A-03C3-4E72-A8F1-1F195EA59BBA}"
EndProject
Project("{9A19103F-16F7-4668-BE54-9A1E7A4F7556}") = "FluentMigrator.Example.Migrator", "samples\FluentMigrator.Example.Migrator\FluentMigrator.Example.Migrator.csproj", "{7B2CE1AA-0FEC-44D9-9643-990D70318F40}"
EndProject
Project("{9A19103F-16F7-4668-BE54-9A1E7A4F7556}") = "FluentMigrator", "src\FluentMigrator\FluentMigrator.csproj", "{9485E0CB-384C-4B28-AE97-5C34367D2CA9}"
EndProject
Project("{2150E333-8FDC-42A3-9474-1A3956D46DE8}") = "packaging", "packaging", "{A9B5BE31-4940-4092-A0A7-79C3F73B4584}"
	ProjectSection(SolutionItems) = preProject
		Global.props = Global.props
		PackageLibrary.props = PackageLibrary.props
		PackageTool.props = PackageTool.props
	EndProjectSection
EndProject
Project("{9A19103F-16F7-4668-BE54-9A1E7A4F7556}") = "FluentMigrator.Extensions.Oracle", "src\FluentMigrator.Extensions.Oracle\FluentMigrator.Extensions.Oracle.csproj", "{56103516-EDEA-494F-A3FA-0CCDB5348453}"
EndProject
Project("{9A19103F-16F7-4668-BE54-9A1E7A4F7556}") = "FluentMigrator.Extensions.Postgres", "src\FluentMigrator.Extensions.Postgres\FluentMigrator.Extensions.Postgres.csproj", "{68CA06A0-6BB8-464D-9D7C-2B09B4FAF768}"
EndProject
Project("{2150E333-8FDC-42A3-9474-1A3956D46DE8}") = "build", "build", "{B3796E78-F32D-4A28-87C0-76E18A39B9C1}"
	ProjectSection(SolutionItems) = preProject
		azure-pipelines-pullrequests.yml = azure-pipelines-pullrequests.yml
		azure-pipelines.yml = azure-pipelines.yml
		.github\dependabot.yml = .github\dependabot.yml
		Directory.Build.props = Directory.Build.props
		DotNetSdkMono.props = DotNetSdkMono.props
		FluentMigrator.snk = FluentMigrator.snk
		FluentMigrator.v3.ncrunchsolution = FluentMigrator.v3.ncrunchsolution
		GitVersion.yml = GitVersion.yml
		Global.props = Global.props
		nuget-upload.sh = nuget-upload.sh
		nuget.config = nuget.config
		PackageTool.props = PackageTool.props
	EndProjectSection
EndProject
Project("{9A19103F-16F7-4668-BE54-9A1E7A4F7556}") = "FluentMigrator.Extensions.MySql", "src\FluentMigrator.Extensions.MySql\FluentMigrator.Extensions.MySql.csproj", "{7ECD5A00-B38A-4B51-89BD-B0ED46A41780}"
EndProject
Project("{9A19103F-16F7-4668-BE54-9A1E7A4F7556}") = "FluentMigrator.Extensions.Snowflake", "src\FluentMigrator.Extensions.Snowflake\FluentMigrator.Extensions.Snowflake.csproj", "{AB31C367-EDA7-45C4-A1D3-44465D10F6ED}"
EndProject
Project("{9A19103F-16F7-4668-BE54-9A1E7A4F7556}") = "FluentMigrator.Runner.Snowflake", "src\FluentMigrator.Runner.Snowflake\FluentMigrator.Runner.Snowflake.csproj", "{57F43057-E42B-4627-BB4D-09250FF4338B}"
EndProject
Project("{2150E333-8FDC-42A3-9474-1A3956D46DE8}") = "extensions", "extensions", "{DB61C1AF-8934-4F5F-BB8A-451C817536F1}"
EndProject
Project("{9A19103F-16F7-4668-BE54-9A1E7A4F7556}") = "FluentMigrator.Example.TypeMapper", "samples\FluentMigrator.Example.TypeMapper\FluentMigrator.Example.TypeMapper.csproj", "{CD51E6A3-B43A-493B-B9FD-1C7A6E68F389}"
EndProject
Project("{2150E333-8FDC-42A3-9474-1A3956D46DE8}") = "docs", "docs", "{850DAD53-41AA-46B9-96AA-EEE249DB8AE2}"
	ProjectSection(SolutionItems) = preProject
		docs\README-nuget.md = docs\README-nuget.md
	EndProjectSection
EndProject
Project("{9A19103F-16F7-4668-BE54-9A1E7A4F7556}") = "FluentMigrator.Example.MSBuild", "samples\FluentMigrator.Example.MSBuild\FluentMigrator.Example.MSBuild.csproj", "{2755D82C-E45D-479B-B502-FAAF3322DD9B}"
EndProject
Project("{2150E333-8FDC-42A3-9474-1A3956D46DE8}") = "gh-actions", "gh-actions", "{A3987BA7-73EB-468A-96D9-498949F94759}"
	ProjectSection(SolutionItems) = preProject
		.github\workflows\pull-requests.yaml = .github\workflows\pull-requests.yaml
	EndProjectSection
EndProject
Project("{2150E333-8FDC-42A3-9474-1A3956D46DE8}") = "analyzers", "analyzers", "{4C0E608C-2A95-46FD-AE82-5070B7967CDF}"
EndProject
Project("{FAE04EC0-301F-11D3-BF4B-00C04F79EFBC}") = "FluentMigrator.Analyzers", "src\FluentMigrator.Analyzers\FluentMigrator.Analyzers.csproj", "{4C3D2485-EA5E-4DFE-B7D4-1BF1F2500439}"
EndProject
Project("{FAE04EC0-301F-11D3-BF4B-00C04F79EFBC}") = "FluentMigrator.Analyzers.Tests", "test\FluentMigrator.Analyzers.Tests\FluentMigrator.Analyzers.Tests.csproj", "{E66D4318-D78D-4A0D-B876-E1932D0DACEA}"
EndProject
Project("{FAE04EC0-301F-11D3-BF4B-00C04F79EFBC}") = "FluentMigrator.Example.AwsAuroraMigrator", "samples\FluentMigrator.Example.AwsAuroraMigrator\FluentMigrator.Example.AwsAuroraMigrator.csproj", "{38C9DE57-5A02-46FD-B113-2A7568149022}"
EndProject
Global
	GlobalSection(SolutionConfigurationPlatforms) = preSolution
		Debug|Any CPU = Debug|Any CPU
		Debug|x64 = Debug|x64
		Debug|x86 = Debug|x86
		Release|Any CPU = Release|Any CPU
		Release|x64 = Release|x64
		Release|x86 = Release|x86
	EndGlobalSection
	GlobalSection(ProjectConfigurationPlatforms) = postSolution
		{0433595D-963A-49BE-BF05-9F293D88C7B2}.Debug|Any CPU.ActiveCfg = Debug|Any CPU
		{0433595D-963A-49BE-BF05-9F293D88C7B2}.Debug|Any CPU.Build.0 = Debug|Any CPU
		{0433595D-963A-49BE-BF05-9F293D88C7B2}.Debug|x64.ActiveCfg = Debug|Any CPU
		{0433595D-963A-49BE-BF05-9F293D88C7B2}.Debug|x64.Build.0 = Debug|Any CPU
		{0433595D-963A-49BE-BF05-9F293D88C7B2}.Debug|x86.ActiveCfg = Debug|Any CPU
		{0433595D-963A-49BE-BF05-9F293D88C7B2}.Debug|x86.Build.0 = Debug|Any CPU
		{0433595D-963A-49BE-BF05-9F293D88C7B2}.Release|Any CPU.ActiveCfg = Release|Any CPU
		{0433595D-963A-49BE-BF05-9F293D88C7B2}.Release|Any CPU.Build.0 = Release|Any CPU
		{0433595D-963A-49BE-BF05-9F293D88C7B2}.Release|x64.ActiveCfg = Release|Any CPU
		{0433595D-963A-49BE-BF05-9F293D88C7B2}.Release|x64.Build.0 = Release|Any CPU
		{0433595D-963A-49BE-BF05-9F293D88C7B2}.Release|x86.ActiveCfg = Release|Any CPU
		{0433595D-963A-49BE-BF05-9F293D88C7B2}.Release|x86.Build.0 = Release|Any CPU
		{BA16361A-27F8-45AD-BACD-357EA181AF25}.Debug|Any CPU.ActiveCfg = Debug|Any CPU
		{BA16361A-27F8-45AD-BACD-357EA181AF25}.Debug|Any CPU.Build.0 = Debug|Any CPU
		{BA16361A-27F8-45AD-BACD-357EA181AF25}.Debug|x64.ActiveCfg = Debug|x64
		{BA16361A-27F8-45AD-BACD-357EA181AF25}.Debug|x64.Build.0 = Debug|x64
		{BA16361A-27F8-45AD-BACD-357EA181AF25}.Debug|x86.ActiveCfg = Debug|x86
		{BA16361A-27F8-45AD-BACD-357EA181AF25}.Debug|x86.Build.0 = Debug|x86
		{BA16361A-27F8-45AD-BACD-357EA181AF25}.Release|Any CPU.ActiveCfg = Release|Any CPU
		{BA16361A-27F8-45AD-BACD-357EA181AF25}.Release|Any CPU.Build.0 = Release|Any CPU
		{BA16361A-27F8-45AD-BACD-357EA181AF25}.Release|x64.ActiveCfg = Release|x64
		{BA16361A-27F8-45AD-BACD-357EA181AF25}.Release|x64.Build.0 = Release|x64
		{BA16361A-27F8-45AD-BACD-357EA181AF25}.Release|x86.ActiveCfg = Release|x86
		{BA16361A-27F8-45AD-BACD-357EA181AF25}.Release|x86.Build.0 = Release|x86
		{49EEA395-BF7E-470C-8302-802C455C478F}.Debug|Any CPU.ActiveCfg = Debug|Any CPU
		{49EEA395-BF7E-470C-8302-802C455C478F}.Debug|Any CPU.Build.0 = Debug|Any CPU
		{49EEA395-BF7E-470C-8302-802C455C478F}.Debug|x64.ActiveCfg = Debug|Any CPU
		{49EEA395-BF7E-470C-8302-802C455C478F}.Debug|x64.Build.0 = Debug|Any CPU
		{49EEA395-BF7E-470C-8302-802C455C478F}.Debug|x86.ActiveCfg = Debug|Any CPU
		{49EEA395-BF7E-470C-8302-802C455C478F}.Debug|x86.Build.0 = Debug|Any CPU
		{49EEA395-BF7E-470C-8302-802C455C478F}.Release|Any CPU.ActiveCfg = Release|Any CPU
		{49EEA395-BF7E-470C-8302-802C455C478F}.Release|Any CPU.Build.0 = Release|Any CPU
		{49EEA395-BF7E-470C-8302-802C455C478F}.Release|x64.ActiveCfg = Release|Any CPU
		{49EEA395-BF7E-470C-8302-802C455C478F}.Release|x64.Build.0 = Release|Any CPU
		{49EEA395-BF7E-470C-8302-802C455C478F}.Release|x86.ActiveCfg = Release|Any CPU
		{49EEA395-BF7E-470C-8302-802C455C478F}.Release|x86.Build.0 = Release|Any CPU
		{706A4E07-6F35-4043-994E-3A9A9C957588}.Debug|Any CPU.ActiveCfg = Debug|Any CPU
		{706A4E07-6F35-4043-994E-3A9A9C957588}.Debug|Any CPU.Build.0 = Debug|Any CPU
		{706A4E07-6F35-4043-994E-3A9A9C957588}.Debug|x64.ActiveCfg = Debug|x64
		{706A4E07-6F35-4043-994E-3A9A9C957588}.Debug|x64.Build.0 = Debug|x64
		{706A4E07-6F35-4043-994E-3A9A9C957588}.Debug|x86.ActiveCfg = Debug|Any CPU
		{706A4E07-6F35-4043-994E-3A9A9C957588}.Debug|x86.Build.0 = Debug|Any CPU
		{706A4E07-6F35-4043-994E-3A9A9C957588}.Release|Any CPU.ActiveCfg = Release|Any CPU
		{706A4E07-6F35-4043-994E-3A9A9C957588}.Release|Any CPU.Build.0 = Release|Any CPU
		{706A4E07-6F35-4043-994E-3A9A9C957588}.Release|x64.ActiveCfg = Release|Any CPU
		{706A4E07-6F35-4043-994E-3A9A9C957588}.Release|x64.Build.0 = Release|Any CPU
		{706A4E07-6F35-4043-994E-3A9A9C957588}.Release|x86.ActiveCfg = Release|Any CPU
		{706A4E07-6F35-4043-994E-3A9A9C957588}.Release|x86.Build.0 = Release|Any CPU
		{74701612-22E1-4AE0-A2E3-569A3739B83C}.Debug|Any CPU.ActiveCfg = Debug|Any CPU
		{74701612-22E1-4AE0-A2E3-569A3739B83C}.Debug|Any CPU.Build.0 = Debug|Any CPU
		{74701612-22E1-4AE0-A2E3-569A3739B83C}.Debug|x64.ActiveCfg = Debug|Any CPU
		{74701612-22E1-4AE0-A2E3-569A3739B83C}.Debug|x64.Build.0 = Debug|Any CPU
		{74701612-22E1-4AE0-A2E3-569A3739B83C}.Debug|x86.ActiveCfg = Debug|Any CPU
		{74701612-22E1-4AE0-A2E3-569A3739B83C}.Debug|x86.Build.0 = Debug|Any CPU
		{74701612-22E1-4AE0-A2E3-569A3739B83C}.Release|Any CPU.ActiveCfg = Release|Any CPU
		{74701612-22E1-4AE0-A2E3-569A3739B83C}.Release|Any CPU.Build.0 = Release|Any CPU
		{74701612-22E1-4AE0-A2E3-569A3739B83C}.Release|x64.ActiveCfg = Release|Any CPU
		{74701612-22E1-4AE0-A2E3-569A3739B83C}.Release|x64.Build.0 = Release|Any CPU
		{74701612-22E1-4AE0-A2E3-569A3739B83C}.Release|x86.ActiveCfg = Release|Any CPU
		{74701612-22E1-4AE0-A2E3-569A3739B83C}.Release|x86.Build.0 = Release|Any CPU
		{F45F08C9-8BC3-4A94-9379-17BD7CA8A06C}.Debug|Any CPU.ActiveCfg = Debug|Any CPU
		{F45F08C9-8BC3-4A94-9379-17BD7CA8A06C}.Debug|Any CPU.Build.0 = Debug|Any CPU
		{F45F08C9-8BC3-4A94-9379-17BD7CA8A06C}.Debug|x64.ActiveCfg = Debug|Any CPU
		{F45F08C9-8BC3-4A94-9379-17BD7CA8A06C}.Debug|x64.Build.0 = Debug|Any CPU
		{F45F08C9-8BC3-4A94-9379-17BD7CA8A06C}.Debug|x86.ActiveCfg = Debug|Any CPU
		{F45F08C9-8BC3-4A94-9379-17BD7CA8A06C}.Debug|x86.Build.0 = Debug|Any CPU
		{F45F08C9-8BC3-4A94-9379-17BD7CA8A06C}.Release|Any CPU.ActiveCfg = Release|Any CPU
		{F45F08C9-8BC3-4A94-9379-17BD7CA8A06C}.Release|Any CPU.Build.0 = Release|Any CPU
		{F45F08C9-8BC3-4A94-9379-17BD7CA8A06C}.Release|x64.ActiveCfg = Release|Any CPU
		{F45F08C9-8BC3-4A94-9379-17BD7CA8A06C}.Release|x64.Build.0 = Release|Any CPU
		{F45F08C9-8BC3-4A94-9379-17BD7CA8A06C}.Release|x86.ActiveCfg = Release|Any CPU
		{F45F08C9-8BC3-4A94-9379-17BD7CA8A06C}.Release|x86.Build.0 = Release|Any CPU
		{03120909-BA96-434A-ACF0-A622C7473466}.Debug|Any CPU.ActiveCfg = Debug|Any CPU
		{03120909-BA96-434A-ACF0-A622C7473466}.Debug|Any CPU.Build.0 = Debug|Any CPU
		{03120909-BA96-434A-ACF0-A622C7473466}.Debug|x64.ActiveCfg = Debug|Any CPU
		{03120909-BA96-434A-ACF0-A622C7473466}.Debug|x64.Build.0 = Debug|Any CPU
		{03120909-BA96-434A-ACF0-A622C7473466}.Debug|x86.ActiveCfg = Debug|Any CPU
		{03120909-BA96-434A-ACF0-A622C7473466}.Debug|x86.Build.0 = Debug|Any CPU
		{03120909-BA96-434A-ACF0-A622C7473466}.Release|Any CPU.ActiveCfg = Release|Any CPU
		{03120909-BA96-434A-ACF0-A622C7473466}.Release|Any CPU.Build.0 = Release|Any CPU
		{03120909-BA96-434A-ACF0-A622C7473466}.Release|x64.ActiveCfg = Release|Any CPU
		{03120909-BA96-434A-ACF0-A622C7473466}.Release|x64.Build.0 = Release|Any CPU
		{03120909-BA96-434A-ACF0-A622C7473466}.Release|x86.ActiveCfg = Release|Any CPU
		{03120909-BA96-434A-ACF0-A622C7473466}.Release|x86.Build.0 = Release|Any CPU
		{B63EA23B-3802-4351-B847-EC3C55AE9258}.Debug|Any CPU.ActiveCfg = Debug|Any CPU
		{B63EA23B-3802-4351-B847-EC3C55AE9258}.Debug|Any CPU.Build.0 = Debug|Any CPU
		{B63EA23B-3802-4351-B847-EC3C55AE9258}.Debug|x64.ActiveCfg = Debug|Any CPU
		{B63EA23B-3802-4351-B847-EC3C55AE9258}.Debug|x64.Build.0 = Debug|Any CPU
		{B63EA23B-3802-4351-B847-EC3C55AE9258}.Debug|x86.ActiveCfg = Debug|Any CPU
		{B63EA23B-3802-4351-B847-EC3C55AE9258}.Debug|x86.Build.0 = Debug|Any CPU
		{B63EA23B-3802-4351-B847-EC3C55AE9258}.Release|Any CPU.ActiveCfg = Release|Any CPU
		{B63EA23B-3802-4351-B847-EC3C55AE9258}.Release|Any CPU.Build.0 = Release|Any CPU
		{B63EA23B-3802-4351-B847-EC3C55AE9258}.Release|x64.ActiveCfg = Release|Any CPU
		{B63EA23B-3802-4351-B847-EC3C55AE9258}.Release|x64.Build.0 = Release|Any CPU
		{B63EA23B-3802-4351-B847-EC3C55AE9258}.Release|x86.ActiveCfg = Release|Any CPU
		{B63EA23B-3802-4351-B847-EC3C55AE9258}.Release|x86.Build.0 = Release|Any CPU
		{AC8481CA-A0F1-40BB-AA47-C1D0A924A837}.Debug|Any CPU.ActiveCfg = Debug|Any CPU
		{AC8481CA-A0F1-40BB-AA47-C1D0A924A837}.Debug|Any CPU.Build.0 = Debug|Any CPU
		{AC8481CA-A0F1-40BB-AA47-C1D0A924A837}.Debug|x64.ActiveCfg = Debug|Any CPU
		{AC8481CA-A0F1-40BB-AA47-C1D0A924A837}.Debug|x64.Build.0 = Debug|Any CPU
		{AC8481CA-A0F1-40BB-AA47-C1D0A924A837}.Debug|x86.ActiveCfg = Debug|Any CPU
		{AC8481CA-A0F1-40BB-AA47-C1D0A924A837}.Debug|x86.Build.0 = Debug|Any CPU
		{AC8481CA-A0F1-40BB-AA47-C1D0A924A837}.Release|Any CPU.ActiveCfg = Release|Any CPU
		{AC8481CA-A0F1-40BB-AA47-C1D0A924A837}.Release|Any CPU.Build.0 = Release|Any CPU
		{AC8481CA-A0F1-40BB-AA47-C1D0A924A837}.Release|x64.ActiveCfg = Release|Any CPU
		{AC8481CA-A0F1-40BB-AA47-C1D0A924A837}.Release|x64.Build.0 = Release|Any CPU
		{AC8481CA-A0F1-40BB-AA47-C1D0A924A837}.Release|x86.ActiveCfg = Release|Any CPU
		{AC8481CA-A0F1-40BB-AA47-C1D0A924A837}.Release|x86.Build.0 = Release|Any CPU
		{26336AEF-C40C-4150-8CDD-92E090EDE315}.Debug|Any CPU.ActiveCfg = Debug|Any CPU
		{26336AEF-C40C-4150-8CDD-92E090EDE315}.Debug|Any CPU.Build.0 = Debug|Any CPU
		{26336AEF-C40C-4150-8CDD-92E090EDE315}.Debug|x64.ActiveCfg = Debug|Any CPU
		{26336AEF-C40C-4150-8CDD-92E090EDE315}.Debug|x64.Build.0 = Debug|Any CPU
		{26336AEF-C40C-4150-8CDD-92E090EDE315}.Debug|x86.ActiveCfg = Debug|Any CPU
		{26336AEF-C40C-4150-8CDD-92E090EDE315}.Debug|x86.Build.0 = Debug|Any CPU
		{26336AEF-C40C-4150-8CDD-92E090EDE315}.Release|Any CPU.ActiveCfg = Release|Any CPU
		{26336AEF-C40C-4150-8CDD-92E090EDE315}.Release|Any CPU.Build.0 = Release|Any CPU
		{26336AEF-C40C-4150-8CDD-92E090EDE315}.Release|x64.ActiveCfg = Release|Any CPU
		{26336AEF-C40C-4150-8CDD-92E090EDE315}.Release|x64.Build.0 = Release|Any CPU
		{26336AEF-C40C-4150-8CDD-92E090EDE315}.Release|x86.ActiveCfg = Release|Any CPU
		{26336AEF-C40C-4150-8CDD-92E090EDE315}.Release|x86.Build.0 = Release|Any CPU
		{A8B3A4AB-2B45-4949-B458-FD5910FFDD53}.Debug|Any CPU.ActiveCfg = Debug|Any CPU
		{A8B3A4AB-2B45-4949-B458-FD5910FFDD53}.Debug|Any CPU.Build.0 = Debug|Any CPU
		{A8B3A4AB-2B45-4949-B458-FD5910FFDD53}.Debug|x64.ActiveCfg = Debug|Any CPU
		{A8B3A4AB-2B45-4949-B458-FD5910FFDD53}.Debug|x64.Build.0 = Debug|Any CPU
		{A8B3A4AB-2B45-4949-B458-FD5910FFDD53}.Debug|x86.ActiveCfg = Debug|Any CPU
		{A8B3A4AB-2B45-4949-B458-FD5910FFDD53}.Debug|x86.Build.0 = Debug|Any CPU
		{A8B3A4AB-2B45-4949-B458-FD5910FFDD53}.Release|Any CPU.ActiveCfg = Release|Any CPU
		{A8B3A4AB-2B45-4949-B458-FD5910FFDD53}.Release|Any CPU.Build.0 = Release|Any CPU
		{A8B3A4AB-2B45-4949-B458-FD5910FFDD53}.Release|x64.ActiveCfg = Release|Any CPU
		{A8B3A4AB-2B45-4949-B458-FD5910FFDD53}.Release|x64.Build.0 = Release|Any CPU
		{A8B3A4AB-2B45-4949-B458-FD5910FFDD53}.Release|x86.ActiveCfg = Release|Any CPU
		{A8B3A4AB-2B45-4949-B458-FD5910FFDD53}.Release|x86.Build.0 = Release|Any CPU
		{D80C213E-750F-4AC7-89FF-DC6938554AA2}.Debug|Any CPU.ActiveCfg = Debug|Any CPU
		{D80C213E-750F-4AC7-89FF-DC6938554AA2}.Debug|Any CPU.Build.0 = Debug|Any CPU
		{D80C213E-750F-4AC7-89FF-DC6938554AA2}.Debug|x64.ActiveCfg = Debug|Any CPU
		{D80C213E-750F-4AC7-89FF-DC6938554AA2}.Debug|x64.Build.0 = Debug|Any CPU
		{D80C213E-750F-4AC7-89FF-DC6938554AA2}.Debug|x86.ActiveCfg = Debug|Any CPU
		{D80C213E-750F-4AC7-89FF-DC6938554AA2}.Debug|x86.Build.0 = Debug|Any CPU
		{D80C213E-750F-4AC7-89FF-DC6938554AA2}.Release|Any CPU.ActiveCfg = Release|Any CPU
		{D80C213E-750F-4AC7-89FF-DC6938554AA2}.Release|Any CPU.Build.0 = Release|Any CPU
		{D80C213E-750F-4AC7-89FF-DC6938554AA2}.Release|x64.ActiveCfg = Release|Any CPU
		{D80C213E-750F-4AC7-89FF-DC6938554AA2}.Release|x64.Build.0 = Release|Any CPU
		{D80C213E-750F-4AC7-89FF-DC6938554AA2}.Release|x86.ActiveCfg = Release|Any CPU
		{D80C213E-750F-4AC7-89FF-DC6938554AA2}.Release|x86.Build.0 = Release|Any CPU
		{841E2717-7F9D-4033-AB24-D9ABBA934AEC}.Debug|Any CPU.ActiveCfg = Debug|Any CPU
		{841E2717-7F9D-4033-AB24-D9ABBA934AEC}.Debug|Any CPU.Build.0 = Debug|Any CPU
		{841E2717-7F9D-4033-AB24-D9ABBA934AEC}.Debug|x64.ActiveCfg = Debug|Any CPU
		{841E2717-7F9D-4033-AB24-D9ABBA934AEC}.Debug|x64.Build.0 = Debug|Any CPU
		{841E2717-7F9D-4033-AB24-D9ABBA934AEC}.Debug|x86.ActiveCfg = Debug|Any CPU
		{841E2717-7F9D-4033-AB24-D9ABBA934AEC}.Debug|x86.Build.0 = Debug|Any CPU
		{841E2717-7F9D-4033-AB24-D9ABBA934AEC}.Release|Any CPU.ActiveCfg = Release|Any CPU
		{841E2717-7F9D-4033-AB24-D9ABBA934AEC}.Release|Any CPU.Build.0 = Release|Any CPU
		{841E2717-7F9D-4033-AB24-D9ABBA934AEC}.Release|x64.ActiveCfg = Release|Any CPU
		{841E2717-7F9D-4033-AB24-D9ABBA934AEC}.Release|x64.Build.0 = Release|Any CPU
		{841E2717-7F9D-4033-AB24-D9ABBA934AEC}.Release|x86.ActiveCfg = Release|Any CPU
		{841E2717-7F9D-4033-AB24-D9ABBA934AEC}.Release|x86.Build.0 = Release|Any CPU
		{A35186EC-1822-41CE-BD61-8F82AC96E8C2}.Debug|Any CPU.ActiveCfg = Debug|Any CPU
		{A35186EC-1822-41CE-BD61-8F82AC96E8C2}.Debug|Any CPU.Build.0 = Debug|Any CPU
		{A35186EC-1822-41CE-BD61-8F82AC96E8C2}.Debug|x64.ActiveCfg = Debug|Any CPU
		{A35186EC-1822-41CE-BD61-8F82AC96E8C2}.Debug|x64.Build.0 = Debug|Any CPU
		{A35186EC-1822-41CE-BD61-8F82AC96E8C2}.Debug|x86.ActiveCfg = Debug|Any CPU
		{A35186EC-1822-41CE-BD61-8F82AC96E8C2}.Debug|x86.Build.0 = Debug|Any CPU
		{A35186EC-1822-41CE-BD61-8F82AC96E8C2}.Release|Any CPU.ActiveCfg = Release|Any CPU
		{A35186EC-1822-41CE-BD61-8F82AC96E8C2}.Release|Any CPU.Build.0 = Release|Any CPU
		{A35186EC-1822-41CE-BD61-8F82AC96E8C2}.Release|x64.ActiveCfg = Release|Any CPU
		{A35186EC-1822-41CE-BD61-8F82AC96E8C2}.Release|x64.Build.0 = Release|Any CPU
		{A35186EC-1822-41CE-BD61-8F82AC96E8C2}.Release|x86.ActiveCfg = Release|Any CPU
		{A35186EC-1822-41CE-BD61-8F82AC96E8C2}.Release|x86.Build.0 = Release|Any CPU
		{CC0DC74D-76BC-4092-955D-79C7BA917694}.Debug|Any CPU.ActiveCfg = Debug|Any CPU
		{CC0DC74D-76BC-4092-955D-79C7BA917694}.Debug|Any CPU.Build.0 = Debug|Any CPU
		{CC0DC74D-76BC-4092-955D-79C7BA917694}.Debug|x64.ActiveCfg = Debug|Any CPU
		{CC0DC74D-76BC-4092-955D-79C7BA917694}.Debug|x64.Build.0 = Debug|Any CPU
		{CC0DC74D-76BC-4092-955D-79C7BA917694}.Debug|x86.ActiveCfg = Debug|Any CPU
		{CC0DC74D-76BC-4092-955D-79C7BA917694}.Debug|x86.Build.0 = Debug|Any CPU
		{CC0DC74D-76BC-4092-955D-79C7BA917694}.Release|Any CPU.ActiveCfg = Release|Any CPU
		{CC0DC74D-76BC-4092-955D-79C7BA917694}.Release|Any CPU.Build.0 = Release|Any CPU
		{CC0DC74D-76BC-4092-955D-79C7BA917694}.Release|x64.ActiveCfg = Release|Any CPU
		{CC0DC74D-76BC-4092-955D-79C7BA917694}.Release|x64.Build.0 = Release|Any CPU
		{CC0DC74D-76BC-4092-955D-79C7BA917694}.Release|x86.ActiveCfg = Release|Any CPU
		{CC0DC74D-76BC-4092-955D-79C7BA917694}.Release|x86.Build.0 = Release|Any CPU
		{654574F7-E02A-4D59-972F-E64D07419BE3}.Debug|Any CPU.ActiveCfg = Debug|Any CPU
		{654574F7-E02A-4D59-972F-E64D07419BE3}.Debug|Any CPU.Build.0 = Debug|Any CPU
		{654574F7-E02A-4D59-972F-E64D07419BE3}.Debug|x64.ActiveCfg = Debug|Any CPU
		{654574F7-E02A-4D59-972F-E64D07419BE3}.Debug|x64.Build.0 = Debug|Any CPU
		{654574F7-E02A-4D59-972F-E64D07419BE3}.Debug|x86.ActiveCfg = Debug|Any CPU
		{654574F7-E02A-4D59-972F-E64D07419BE3}.Debug|x86.Build.0 = Debug|Any CPU
		{654574F7-E02A-4D59-972F-E64D07419BE3}.Release|Any CPU.ActiveCfg = Release|Any CPU
		{654574F7-E02A-4D59-972F-E64D07419BE3}.Release|Any CPU.Build.0 = Release|Any CPU
		{654574F7-E02A-4D59-972F-E64D07419BE3}.Release|x64.ActiveCfg = Release|Any CPU
		{654574F7-E02A-4D59-972F-E64D07419BE3}.Release|x64.Build.0 = Release|Any CPU
		{654574F7-E02A-4D59-972F-E64D07419BE3}.Release|x86.ActiveCfg = Release|Any CPU
		{654574F7-E02A-4D59-972F-E64D07419BE3}.Release|x86.Build.0 = Release|Any CPU
		{A4418905-CC19-41DD-8B41-9C2FDD4E5CDE}.Debug|Any CPU.ActiveCfg = Debug|Any CPU
		{A4418905-CC19-41DD-8B41-9C2FDD4E5CDE}.Debug|Any CPU.Build.0 = Debug|Any CPU
		{A4418905-CC19-41DD-8B41-9C2FDD4E5CDE}.Debug|x64.ActiveCfg = Debug|Any CPU
		{A4418905-CC19-41DD-8B41-9C2FDD4E5CDE}.Debug|x64.Build.0 = Debug|Any CPU
		{A4418905-CC19-41DD-8B41-9C2FDD4E5CDE}.Debug|x86.ActiveCfg = Debug|Any CPU
		{A4418905-CC19-41DD-8B41-9C2FDD4E5CDE}.Debug|x86.Build.0 = Debug|Any CPU
		{A4418905-CC19-41DD-8B41-9C2FDD4E5CDE}.Release|Any CPU.ActiveCfg = Release|Any CPU
		{A4418905-CC19-41DD-8B41-9C2FDD4E5CDE}.Release|Any CPU.Build.0 = Release|Any CPU
		{A4418905-CC19-41DD-8B41-9C2FDD4E5CDE}.Release|x64.ActiveCfg = Release|Any CPU
		{A4418905-CC19-41DD-8B41-9C2FDD4E5CDE}.Release|x64.Build.0 = Release|Any CPU
		{A4418905-CC19-41DD-8B41-9C2FDD4E5CDE}.Release|x86.ActiveCfg = Release|Any CPU
		{A4418905-CC19-41DD-8B41-9C2FDD4E5CDE}.Release|x86.Build.0 = Release|Any CPU
		{84556028-BC75-4C2C-B943-532F49A8DBF6}.Debug|Any CPU.ActiveCfg = Debug|Any CPU
		{84556028-BC75-4C2C-B943-532F49A8DBF6}.Debug|Any CPU.Build.0 = Debug|Any CPU
		{84556028-BC75-4C2C-B943-532F49A8DBF6}.Debug|x64.ActiveCfg = Debug|Any CPU
		{84556028-BC75-4C2C-B943-532F49A8DBF6}.Debug|x64.Build.0 = Debug|Any CPU
		{84556028-BC75-4C2C-B943-532F49A8DBF6}.Debug|x86.ActiveCfg = Debug|Any CPU
		{84556028-BC75-4C2C-B943-532F49A8DBF6}.Debug|x86.Build.0 = Debug|Any CPU
		{84556028-BC75-4C2C-B943-532F49A8DBF6}.Release|Any CPU.ActiveCfg = Release|Any CPU
		{84556028-BC75-4C2C-B943-532F49A8DBF6}.Release|Any CPU.Build.0 = Release|Any CPU
		{84556028-BC75-4C2C-B943-532F49A8DBF6}.Release|x64.ActiveCfg = Release|Any CPU
		{84556028-BC75-4C2C-B943-532F49A8DBF6}.Release|x64.Build.0 = Release|Any CPU
		{84556028-BC75-4C2C-B943-532F49A8DBF6}.Release|x86.ActiveCfg = Release|Any CPU
		{84556028-BC75-4C2C-B943-532F49A8DBF6}.Release|x86.Build.0 = Release|Any CPU
		{391CBF2A-03C3-4E72-A8F1-1F195EA59BBA}.Debug|Any CPU.ActiveCfg = Debug|Any CPU
		{391CBF2A-03C3-4E72-A8F1-1F195EA59BBA}.Debug|Any CPU.Build.0 = Debug|Any CPU
		{391CBF2A-03C3-4E72-A8F1-1F195EA59BBA}.Debug|x64.ActiveCfg = Debug|Any CPU
		{391CBF2A-03C3-4E72-A8F1-1F195EA59BBA}.Debug|x64.Build.0 = Debug|Any CPU
		{391CBF2A-03C3-4E72-A8F1-1F195EA59BBA}.Debug|x86.ActiveCfg = Debug|Any CPU
		{391CBF2A-03C3-4E72-A8F1-1F195EA59BBA}.Debug|x86.Build.0 = Debug|Any CPU
		{391CBF2A-03C3-4E72-A8F1-1F195EA59BBA}.Release|Any CPU.ActiveCfg = Release|Any CPU
		{391CBF2A-03C3-4E72-A8F1-1F195EA59BBA}.Release|Any CPU.Build.0 = Release|Any CPU
		{391CBF2A-03C3-4E72-A8F1-1F195EA59BBA}.Release|x64.ActiveCfg = Release|Any CPU
		{391CBF2A-03C3-4E72-A8F1-1F195EA59BBA}.Release|x64.Build.0 = Release|Any CPU
		{391CBF2A-03C3-4E72-A8F1-1F195EA59BBA}.Release|x86.ActiveCfg = Release|Any CPU
		{391CBF2A-03C3-4E72-A8F1-1F195EA59BBA}.Release|x86.Build.0 = Release|Any CPU
		{7B2CE1AA-0FEC-44D9-9643-990D70318F40}.Debug|Any CPU.ActiveCfg = Debug|Any CPU
		{7B2CE1AA-0FEC-44D9-9643-990D70318F40}.Debug|Any CPU.Build.0 = Debug|Any CPU
		{7B2CE1AA-0FEC-44D9-9643-990D70318F40}.Debug|x64.ActiveCfg = Debug|Any CPU
		{7B2CE1AA-0FEC-44D9-9643-990D70318F40}.Debug|x64.Build.0 = Debug|Any CPU
		{7B2CE1AA-0FEC-44D9-9643-990D70318F40}.Debug|x86.ActiveCfg = Debug|Any CPU
		{7B2CE1AA-0FEC-44D9-9643-990D70318F40}.Debug|x86.Build.0 = Debug|Any CPU
		{7B2CE1AA-0FEC-44D9-9643-990D70318F40}.Release|Any CPU.ActiveCfg = Release|Any CPU
		{7B2CE1AA-0FEC-44D9-9643-990D70318F40}.Release|Any CPU.Build.0 = Release|Any CPU
		{7B2CE1AA-0FEC-44D9-9643-990D70318F40}.Release|x64.ActiveCfg = Release|Any CPU
		{7B2CE1AA-0FEC-44D9-9643-990D70318F40}.Release|x64.Build.0 = Release|Any CPU
		{7B2CE1AA-0FEC-44D9-9643-990D70318F40}.Release|x86.ActiveCfg = Release|Any CPU
		{7B2CE1AA-0FEC-44D9-9643-990D70318F40}.Release|x86.Build.0 = Release|Any CPU
		{9485E0CB-384C-4B28-AE97-5C34367D2CA9}.Debug|Any CPU.ActiveCfg = Debug|Any CPU
		{9485E0CB-384C-4B28-AE97-5C34367D2CA9}.Debug|Any CPU.Build.0 = Debug|Any CPU
		{9485E0CB-384C-4B28-AE97-5C34367D2CA9}.Debug|x64.ActiveCfg = Debug|Any CPU
		{9485E0CB-384C-4B28-AE97-5C34367D2CA9}.Debug|x64.Build.0 = Debug|Any CPU
		{9485E0CB-384C-4B28-AE97-5C34367D2CA9}.Debug|x86.ActiveCfg = Debug|Any CPU
		{9485E0CB-384C-4B28-AE97-5C34367D2CA9}.Debug|x86.Build.0 = Debug|Any CPU
		{9485E0CB-384C-4B28-AE97-5C34367D2CA9}.Release|Any CPU.ActiveCfg = Release|Any CPU
		{9485E0CB-384C-4B28-AE97-5C34367D2CA9}.Release|Any CPU.Build.0 = Release|Any CPU
		{9485E0CB-384C-4B28-AE97-5C34367D2CA9}.Release|x64.ActiveCfg = Release|Any CPU
		{9485E0CB-384C-4B28-AE97-5C34367D2CA9}.Release|x64.Build.0 = Release|Any CPU
		{9485E0CB-384C-4B28-AE97-5C34367D2CA9}.Release|x86.ActiveCfg = Release|Any CPU
		{9485E0CB-384C-4B28-AE97-5C34367D2CA9}.Release|x86.Build.0 = Release|Any CPU
		{56103516-EDEA-494F-A3FA-0CCDB5348453}.Debug|Any CPU.ActiveCfg = Debug|Any CPU
		{56103516-EDEA-494F-A3FA-0CCDB5348453}.Debug|Any CPU.Build.0 = Debug|Any CPU
		{56103516-EDEA-494F-A3FA-0CCDB5348453}.Debug|x64.ActiveCfg = Debug|Any CPU
		{56103516-EDEA-494F-A3FA-0CCDB5348453}.Debug|x64.Build.0 = Debug|Any CPU
		{56103516-EDEA-494F-A3FA-0CCDB5348453}.Debug|x86.ActiveCfg = Debug|Any CPU
		{56103516-EDEA-494F-A3FA-0CCDB5348453}.Debug|x86.Build.0 = Debug|Any CPU
		{56103516-EDEA-494F-A3FA-0CCDB5348453}.Release|Any CPU.ActiveCfg = Release|Any CPU
		{56103516-EDEA-494F-A3FA-0CCDB5348453}.Release|Any CPU.Build.0 = Release|Any CPU
		{56103516-EDEA-494F-A3FA-0CCDB5348453}.Release|x64.ActiveCfg = Release|Any CPU
		{56103516-EDEA-494F-A3FA-0CCDB5348453}.Release|x64.Build.0 = Release|Any CPU
		{56103516-EDEA-494F-A3FA-0CCDB5348453}.Release|x86.ActiveCfg = Release|Any CPU
		{56103516-EDEA-494F-A3FA-0CCDB5348453}.Release|x86.Build.0 = Release|Any CPU
		{68CA06A0-6BB8-464D-9D7C-2B09B4FAF768}.Debug|Any CPU.ActiveCfg = Debug|Any CPU
		{68CA06A0-6BB8-464D-9D7C-2B09B4FAF768}.Debug|Any CPU.Build.0 = Debug|Any CPU
		{68CA06A0-6BB8-464D-9D7C-2B09B4FAF768}.Debug|x64.ActiveCfg = Debug|Any CPU
		{68CA06A0-6BB8-464D-9D7C-2B09B4FAF768}.Debug|x64.Build.0 = Debug|Any CPU
		{68CA06A0-6BB8-464D-9D7C-2B09B4FAF768}.Debug|x86.ActiveCfg = Debug|Any CPU
		{68CA06A0-6BB8-464D-9D7C-2B09B4FAF768}.Debug|x86.Build.0 = Debug|Any CPU
		{68CA06A0-6BB8-464D-9D7C-2B09B4FAF768}.Release|Any CPU.ActiveCfg = Release|Any CPU
		{68CA06A0-6BB8-464D-9D7C-2B09B4FAF768}.Release|Any CPU.Build.0 = Release|Any CPU
		{68CA06A0-6BB8-464D-9D7C-2B09B4FAF768}.Release|x64.ActiveCfg = Release|Any CPU
		{68CA06A0-6BB8-464D-9D7C-2B09B4FAF768}.Release|x64.Build.0 = Release|Any CPU
		{68CA06A0-6BB8-464D-9D7C-2B09B4FAF768}.Release|x86.ActiveCfg = Release|Any CPU
		{68CA06A0-6BB8-464D-9D7C-2B09B4FAF768}.Release|x86.Build.0 = Release|Any CPU
		{7ECD5A00-B38A-4B51-89BD-B0ED46A41780}.Debug|Any CPU.ActiveCfg = Debug|Any CPU
		{7ECD5A00-B38A-4B51-89BD-B0ED46A41780}.Debug|Any CPU.Build.0 = Debug|Any CPU
		{7ECD5A00-B38A-4B51-89BD-B0ED46A41780}.Debug|x64.ActiveCfg = Debug|Any CPU
		{7ECD5A00-B38A-4B51-89BD-B0ED46A41780}.Debug|x64.Build.0 = Debug|Any CPU
		{7ECD5A00-B38A-4B51-89BD-B0ED46A41780}.Debug|x86.ActiveCfg = Debug|Any CPU
		{7ECD5A00-B38A-4B51-89BD-B0ED46A41780}.Debug|x86.Build.0 = Debug|Any CPU
		{7ECD5A00-B38A-4B51-89BD-B0ED46A41780}.Release|Any CPU.ActiveCfg = Release|Any CPU
		{7ECD5A00-B38A-4B51-89BD-B0ED46A41780}.Release|Any CPU.Build.0 = Release|Any CPU
		{7ECD5A00-B38A-4B51-89BD-B0ED46A41780}.Release|x64.ActiveCfg = Release|Any CPU
		{7ECD5A00-B38A-4B51-89BD-B0ED46A41780}.Release|x64.Build.0 = Release|Any CPU
		{7ECD5A00-B38A-4B51-89BD-B0ED46A41780}.Release|x86.ActiveCfg = Release|Any CPU
		{7ECD5A00-B38A-4B51-89BD-B0ED46A41780}.Release|x86.Build.0 = Release|Any CPU
		{AB31C367-EDA7-45C4-A1D3-44465D10F6ED}.Debug|Any CPU.ActiveCfg = Debug|Any CPU
		{AB31C367-EDA7-45C4-A1D3-44465D10F6ED}.Debug|Any CPU.Build.0 = Debug|Any CPU
		{AB31C367-EDA7-45C4-A1D3-44465D10F6ED}.Debug|x64.ActiveCfg = Debug|Any CPU
		{AB31C367-EDA7-45C4-A1D3-44465D10F6ED}.Debug|x64.Build.0 = Debug|Any CPU
		{AB31C367-EDA7-45C4-A1D3-44465D10F6ED}.Debug|x86.ActiveCfg = Debug|Any CPU
		{AB31C367-EDA7-45C4-A1D3-44465D10F6ED}.Debug|x86.Build.0 = Debug|Any CPU
		{AB31C367-EDA7-45C4-A1D3-44465D10F6ED}.Release|Any CPU.ActiveCfg = Release|Any CPU
		{AB31C367-EDA7-45C4-A1D3-44465D10F6ED}.Release|Any CPU.Build.0 = Release|Any CPU
		{AB31C367-EDA7-45C4-A1D3-44465D10F6ED}.Release|x64.ActiveCfg = Release|Any CPU
		{AB31C367-EDA7-45C4-A1D3-44465D10F6ED}.Release|x64.Build.0 = Release|Any CPU
		{AB31C367-EDA7-45C4-A1D3-44465D10F6ED}.Release|x86.ActiveCfg = Release|Any CPU
		{AB31C367-EDA7-45C4-A1D3-44465D10F6ED}.Release|x86.Build.0 = Release|Any CPU
		{57F43057-E42B-4627-BB4D-09250FF4338B}.Debug|Any CPU.ActiveCfg = Debug|Any CPU
		{57F43057-E42B-4627-BB4D-09250FF4338B}.Debug|Any CPU.Build.0 = Debug|Any CPU
		{57F43057-E42B-4627-BB4D-09250FF4338B}.Debug|x64.ActiveCfg = Debug|Any CPU
		{57F43057-E42B-4627-BB4D-09250FF4338B}.Debug|x64.Build.0 = Debug|Any CPU
		{57F43057-E42B-4627-BB4D-09250FF4338B}.Debug|x86.ActiveCfg = Debug|Any CPU
		{57F43057-E42B-4627-BB4D-09250FF4338B}.Debug|x86.Build.0 = Debug|Any CPU
		{57F43057-E42B-4627-BB4D-09250FF4338B}.Release|Any CPU.ActiveCfg = Release|Any CPU
		{57F43057-E42B-4627-BB4D-09250FF4338B}.Release|Any CPU.Build.0 = Release|Any CPU
		{57F43057-E42B-4627-BB4D-09250FF4338B}.Release|x64.ActiveCfg = Release|Any CPU
		{57F43057-E42B-4627-BB4D-09250FF4338B}.Release|x64.Build.0 = Release|Any CPU
		{57F43057-E42B-4627-BB4D-09250FF4338B}.Release|x86.ActiveCfg = Release|Any CPU
		{57F43057-E42B-4627-BB4D-09250FF4338B}.Release|x86.Build.0 = Release|Any CPU
		{CD51E6A3-B43A-493B-B9FD-1C7A6E68F389}.Debug|Any CPU.ActiveCfg = Debug|Any CPU
		{CD51E6A3-B43A-493B-B9FD-1C7A6E68F389}.Debug|Any CPU.Build.0 = Debug|Any CPU
		{CD51E6A3-B43A-493B-B9FD-1C7A6E68F389}.Debug|x64.ActiveCfg = Debug|Any CPU
		{CD51E6A3-B43A-493B-B9FD-1C7A6E68F389}.Debug|x64.Build.0 = Debug|Any CPU
		{CD51E6A3-B43A-493B-B9FD-1C7A6E68F389}.Debug|x86.ActiveCfg = Debug|Any CPU
		{CD51E6A3-B43A-493B-B9FD-1C7A6E68F389}.Debug|x86.Build.0 = Debug|Any CPU
		{CD51E6A3-B43A-493B-B9FD-1C7A6E68F389}.Release|Any CPU.ActiveCfg = Release|Any CPU
		{CD51E6A3-B43A-493B-B9FD-1C7A6E68F389}.Release|Any CPU.Build.0 = Release|Any CPU
		{CD51E6A3-B43A-493B-B9FD-1C7A6E68F389}.Release|x64.ActiveCfg = Release|Any CPU
		{CD51E6A3-B43A-493B-B9FD-1C7A6E68F389}.Release|x64.Build.0 = Release|Any CPU
		{CD51E6A3-B43A-493B-B9FD-1C7A6E68F389}.Release|x86.ActiveCfg = Release|Any CPU
		{CD51E6A3-B43A-493B-B9FD-1C7A6E68F389}.Release|x86.Build.0 = Release|Any CPU
		{2755D82C-E45D-479B-B502-FAAF3322DD9B}.Debug|Any CPU.ActiveCfg = Debug|Any CPU
		{2755D82C-E45D-479B-B502-FAAF3322DD9B}.Debug|Any CPU.Build.0 = Debug|Any CPU
		{2755D82C-E45D-479B-B502-FAAF3322DD9B}.Debug|x64.ActiveCfg = Debug|Any CPU
		{2755D82C-E45D-479B-B502-FAAF3322DD9B}.Debug|x64.Build.0 = Debug|Any CPU
		{2755D82C-E45D-479B-B502-FAAF3322DD9B}.Debug|x86.ActiveCfg = Debug|Any CPU
		{2755D82C-E45D-479B-B502-FAAF3322DD9B}.Debug|x86.Build.0 = Debug|Any CPU
		{2755D82C-E45D-479B-B502-FAAF3322DD9B}.Release|Any CPU.ActiveCfg = Release|Any CPU
		{2755D82C-E45D-479B-B502-FAAF3322DD9B}.Release|Any CPU.Build.0 = Release|Any CPU
		{2755D82C-E45D-479B-B502-FAAF3322DD9B}.Release|x64.ActiveCfg = Release|Any CPU
		{2755D82C-E45D-479B-B502-FAAF3322DD9B}.Release|x64.Build.0 = Release|Any CPU
		{2755D82C-E45D-479B-B502-FAAF3322DD9B}.Release|x86.ActiveCfg = Release|Any CPU
		{2755D82C-E45D-479B-B502-FAAF3322DD9B}.Release|x86.Build.0 = Release|Any CPU
		{4C3D2485-EA5E-4DFE-B7D4-1BF1F2500439}.Debug|Any CPU.ActiveCfg = Debug|Any CPU
		{4C3D2485-EA5E-4DFE-B7D4-1BF1F2500439}.Debug|Any CPU.Build.0 = Debug|Any CPU
		{4C3D2485-EA5E-4DFE-B7D4-1BF1F2500439}.Debug|x64.ActiveCfg = Debug|Any CPU
		{4C3D2485-EA5E-4DFE-B7D4-1BF1F2500439}.Debug|x64.Build.0 = Debug|Any CPU
		{4C3D2485-EA5E-4DFE-B7D4-1BF1F2500439}.Debug|x86.ActiveCfg = Debug|Any CPU
		{4C3D2485-EA5E-4DFE-B7D4-1BF1F2500439}.Debug|x86.Build.0 = Debug|Any CPU
		{4C3D2485-EA5E-4DFE-B7D4-1BF1F2500439}.Release|Any CPU.ActiveCfg = Release|Any CPU
		{4C3D2485-EA5E-4DFE-B7D4-1BF1F2500439}.Release|Any CPU.Build.0 = Release|Any CPU
		{4C3D2485-EA5E-4DFE-B7D4-1BF1F2500439}.Release|x64.ActiveCfg = Release|Any CPU
		{4C3D2485-EA5E-4DFE-B7D4-1BF1F2500439}.Release|x64.Build.0 = Release|Any CPU
		{4C3D2485-EA5E-4DFE-B7D4-1BF1F2500439}.Release|x86.ActiveCfg = Release|Any CPU
		{4C3D2485-EA5E-4DFE-B7D4-1BF1F2500439}.Release|x86.Build.0 = Release|Any CPU
		{E66D4318-D78D-4A0D-B876-E1932D0DACEA}.Debug|Any CPU.ActiveCfg = Debug|Any CPU
		{E66D4318-D78D-4A0D-B876-E1932D0DACEA}.Debug|Any CPU.Build.0 = Debug|Any CPU
		{E66D4318-D78D-4A0D-B876-E1932D0DACEA}.Debug|x64.ActiveCfg = Debug|Any CPU
		{E66D4318-D78D-4A0D-B876-E1932D0DACEA}.Debug|x64.Build.0 = Debug|Any CPU
		{E66D4318-D78D-4A0D-B876-E1932D0DACEA}.Debug|x86.ActiveCfg = Debug|Any CPU
		{E66D4318-D78D-4A0D-B876-E1932D0DACEA}.Debug|x86.Build.0 = Debug|Any CPU
		{E66D4318-D78D-4A0D-B876-E1932D0DACEA}.Release|Any CPU.ActiveCfg = Release|Any CPU
		{E66D4318-D78D-4A0D-B876-E1932D0DACEA}.Release|Any CPU.Build.0 = Release|Any CPU
		{E66D4318-D78D-4A0D-B876-E1932D0DACEA}.Release|x64.ActiveCfg = Release|Any CPU
		{E66D4318-D78D-4A0D-B876-E1932D0DACEA}.Release|x64.Build.0 = Release|Any CPU
		{E66D4318-D78D-4A0D-B876-E1932D0DACEA}.Release|x86.ActiveCfg = Release|Any CPU
		{E66D4318-D78D-4A0D-B876-E1932D0DACEA}.Release|x86.Build.0 = Release|Any CPU
		{38C9DE57-5A02-46FD-B113-2A7568149022}.Debug|Any CPU.ActiveCfg = Debug|Any CPU
		{38C9DE57-5A02-46FD-B113-2A7568149022}.Debug|Any CPU.Build.0 = Debug|Any CPU
		{38C9DE57-5A02-46FD-B113-2A7568149022}.Debug|x64.ActiveCfg = Debug|Any CPU
		{38C9DE57-5A02-46FD-B113-2A7568149022}.Debug|x64.Build.0 = Debug|Any CPU
		{38C9DE57-5A02-46FD-B113-2A7568149022}.Debug|x86.ActiveCfg = Debug|Any CPU
		{38C9DE57-5A02-46FD-B113-2A7568149022}.Debug|x86.Build.0 = Debug|Any CPU
		{38C9DE57-5A02-46FD-B113-2A7568149022}.Release|Any CPU.ActiveCfg = Release|Any CPU
		{38C9DE57-5A02-46FD-B113-2A7568149022}.Release|Any CPU.Build.0 = Release|Any CPU
		{38C9DE57-5A02-46FD-B113-2A7568149022}.Release|x64.ActiveCfg = Release|Any CPU
		{38C9DE57-5A02-46FD-B113-2A7568149022}.Release|x64.Build.0 = Release|Any CPU
		{38C9DE57-5A02-46FD-B113-2A7568149022}.Release|x86.ActiveCfg = Release|Any CPU
		{38C9DE57-5A02-46FD-B113-2A7568149022}.Release|x86.Build.0 = Release|Any CPU
	EndGlobalSection
	GlobalSection(SolutionProperties) = preSolution
		HideSolutionNode = FALSE
	EndGlobalSection
	GlobalSection(NestedProjects) = preSolution
		{0433595D-963A-49BE-BF05-9F293D88C7B2} = {9D911F62-908F-4067-A487-73D146993031}
		{BA16361A-27F8-45AD-BACD-357EA181AF25} = {9D911F62-908F-4067-A487-73D146993031}
		{49EEA395-BF7E-470C-8302-802C455C478F} = {9D911F62-908F-4067-A487-73D146993031}
		{706A4E07-6F35-4043-994E-3A9A9C957588} = {CE354F3F-F5B9-4723-A5A1-26B37E949103}
		{9D911F62-908F-4067-A487-73D146993031} = {16DED0B3-1401-43AD-9402-3DC90918FFD7}
		{BFDA3B73-2F8E-4AFF-A6EF-322B9FECD3D1} = {16DED0B3-1401-43AD-9402-3DC90918FFD7}
		{74701612-22E1-4AE0-A2E3-569A3739B83C} = {BFDA3B73-2F8E-4AFF-A6EF-322B9FECD3D1}
		{F45F08C9-8BC3-4A94-9379-17BD7CA8A06C} = {BFDA3B73-2F8E-4AFF-A6EF-322B9FECD3D1}
		{03120909-BA96-434A-ACF0-A622C7473466} = {BFDA3B73-2F8E-4AFF-A6EF-322B9FECD3D1}
		{B63EA23B-3802-4351-B847-EC3C55AE9258} = {BFDA3B73-2F8E-4AFF-A6EF-322B9FECD3D1}
		{AC8481CA-A0F1-40BB-AA47-C1D0A924A837} = {BFDA3B73-2F8E-4AFF-A6EF-322B9FECD3D1}
		{26336AEF-C40C-4150-8CDD-92E090EDE315} = {BFDA3B73-2F8E-4AFF-A6EF-322B9FECD3D1}
		{A8B3A4AB-2B45-4949-B458-FD5910FFDD53} = {BFDA3B73-2F8E-4AFF-A6EF-322B9FECD3D1}
		{D80C213E-750F-4AC7-89FF-DC6938554AA2} = {BFDA3B73-2F8E-4AFF-A6EF-322B9FECD3D1}
		{841E2717-7F9D-4033-AB24-D9ABBA934AEC} = {BFDA3B73-2F8E-4AFF-A6EF-322B9FECD3D1}
		{A35186EC-1822-41CE-BD61-8F82AC96E8C2} = {9D911F62-908F-4067-A487-73D146993031}
		{CC0DC74D-76BC-4092-955D-79C7BA917694} = {16DED0B3-1401-43AD-9402-3DC90918FFD7}
		{654574F7-E02A-4D59-972F-E64D07419BE3} = {9D911F62-908F-4067-A487-73D146993031}
		{A4418905-CC19-41DD-8B41-9C2FDD4E5CDE} = {DB61C1AF-8934-4F5F-BB8A-451C817536F1}
		{84556028-BC75-4C2C-B943-532F49A8DBF6} = {BFDA3B73-2F8E-4AFF-A6EF-322B9FECD3D1}
		{391CBF2A-03C3-4E72-A8F1-1F195EA59BBA} = {DE3C74CA-1396-44E6-B46B-5536BC9771DB}
		{7B2CE1AA-0FEC-44D9-9643-990D70318F40} = {DE3C74CA-1396-44E6-B46B-5536BC9771DB}
		{9485E0CB-384C-4B28-AE97-5C34367D2CA9} = {16DED0B3-1401-43AD-9402-3DC90918FFD7}
		{A9B5BE31-4940-4092-A0A7-79C3F73B4584} = {2AC15906-580E-4530-A860-6BA6301CAD2E}
		{56103516-EDEA-494F-A3FA-0CCDB5348453} = {DB61C1AF-8934-4F5F-BB8A-451C817536F1}
		{68CA06A0-6BB8-464D-9D7C-2B09B4FAF768} = {DB61C1AF-8934-4F5F-BB8A-451C817536F1}
		{7ECD5A00-B38A-4B51-89BD-B0ED46A41780} = {DB61C1AF-8934-4F5F-BB8A-451C817536F1}
		{AB31C367-EDA7-45C4-A1D3-44465D10F6ED} = {DB61C1AF-8934-4F5F-BB8A-451C817536F1}
		{57F43057-E42B-4627-BB4D-09250FF4338B} = {BFDA3B73-2F8E-4AFF-A6EF-322B9FECD3D1}
		{DB61C1AF-8934-4F5F-BB8A-451C817536F1} = {16DED0B3-1401-43AD-9402-3DC90918FFD7}
		{CD51E6A3-B43A-493B-B9FD-1C7A6E68F389} = {DE3C74CA-1396-44E6-B46B-5536BC9771DB}
		{2755D82C-E45D-479B-B502-FAAF3322DD9B} = {DE3C74CA-1396-44E6-B46B-5536BC9771DB}
		{4C3D2485-EA5E-4DFE-B7D4-1BF1F2500439} = {4C0E608C-2A95-46FD-AE82-5070B7967CDF}
		{E66D4318-D78D-4A0D-B876-E1932D0DACEA} = {CE354F3F-F5B9-4723-A5A1-26B37E949103}
		{38C9DE57-5A02-46FD-B113-2A7568149022} = {DE3C74CA-1396-44E6-B46B-5536BC9771DB}
	EndGlobalSection
	GlobalSection(ExtensibilityGlobals) = postSolution
		SolutionGuid = {722C9D0D-FAB6-4CCE-9A4A-56E24235A9E0}
	EndGlobalSection
EndGlobal
