
Microsoft Visual Studio Solution File, Format Version 12.00
# Visual Studio 15
VisualStudioVersion = 15.0.27130.2027
MinimumVisualStudioVersion = 10.0.40219.1
Project("{9A19103F-16F7-4668-BE54-9A1E7A4F7556}") = "FluentMigrator.NetStandard", "src\FluentMigrator\FluentMigrator.NetStandard.csproj", "{658B1572-14A4-4E73-978D-9E49DE5D6E34}"
EndProject
Project("{9A19103F-16F7-4668-BE54-9A1E7A4F7556}") = "FluentMigrator.Runner.NetStandard", "src\FluentMigrator.Runner\FluentMigrator.Runner.NetStandard.csproj", "{959D10C7-95F1-43AC-920C-C70E8BE73F60}"
EndProject
Global
	GlobalSection(SolutionConfigurationPlatforms) = preSolution
		Debug|Any CPU = Debug|Any CPU
		Release|Any CPU = Release|Any CPU
	EndGlobalSection
	GlobalSection(ProjectConfigurationPlatforms) = postSolution
		{658B1572-14A4-4E73-978D-9E49DE5D6E34}.Debug|Any CPU.ActiveCfg = Debug|Any CPU
		{658B1572-14A4-4E73-978D-9E49DE5D6E34}.Debug|Any CPU.Build.0 = Debug|Any CPU
		{658B1572-14A4-4E73-978D-9E49DE5D6E34}.Release|Any CPU.ActiveCfg = Release|Any CPU
		{658B1572-14A4-4E73-978D-9E49DE5D6E34}.Release|Any CPU.Build.0 = Release|Any CPU
		{959D10C7-95F1-43AC-920C-C70E8BE73F60}.Debug|Any CPU.ActiveCfg = Debug|Any CPU
		{959D10C7-95F1-43AC-920C-C70E8BE73F60}.Debug|Any CPU.Build.0 = Debug|Any CPU
		{959D10C7-95F1-43AC-920C-C70E8BE73F60}.Release|Any CPU.ActiveCfg = Release|Any CPU
		{959D10C7-95F1-43AC-920C-C70E8BE73F60}.Release|Any CPU.Build.0 = Release|Any CPU
	EndGlobalSection
	GlobalSection(SolutionProperties) = preSolution
		HideSolutionNode = FALSE
	EndGlobalSection
	GlobalSection(ExtensibilityGlobals) = postSolution
		SolutionGuid = {D2D4C654-3EC7-44C5-835C-8EDC2D0C62B2}
	EndGlobalSection
EndGlobal
