
Microsoft Visual Studio Solution File, Format Version 12.00
# Visual Studio 15
VisualStudioVersion = 15.0.26228.9
MinimumVisualStudioVersion = 10.0.40219.1
Project("{9A19103F-16F7-4668-BE54-9A1E7A4F7556}") = "FluentMigrator", "src\FluentMigrator\FluentMigrator.csproj", "{FD9410F9-6FEA-47F7-A78E-B4F6FB0539B8}"
EndProject
Project("{9A19103F-16F7-4668-BE54-9A1E7A4F7556}") = "FluentMigrator.Runner", "src\FluentMigrator.Runner\FluentMigrator.Runner.csproj", "{FE941CF9-6FEA-47F7-A98E-B4F6FB0539B8}"
EndProject
Global
	GlobalSection(SolutionConfigurationPlatforms) = preSolution
		AutomatedRelease|Any CPU = AutomatedRelease|Any CPU
		AutomatedRelease|x86 = AutomatedRelease|x86
		Debug|Any CPU = Debug|Any CPU
		Debug|x86 = Debug|x86
		Release|Any CPU = Release|Any CPU
		Release|x86 = Release|x86
	EndGlobalSection
	GlobalSection(ProjectConfigurationPlatforms) = postSolution
		{FD9410F9-6FEA-47F7-A78E-B4F6FB0539B8}.AutomatedRelease|Any CPU.ActiveCfg = Release|Any CPU
		{FD9410F9-6FEA-47F7-A78E-B4F6FB0539B8}.AutomatedRelease|Any CPU.Build.0 = Release|Any CPU
		{FD9410F9-6FEA-47F7-A78E-B4F6FB0539B8}.AutomatedRelease|x86.ActiveCfg = Release|Any CPU
		{FD9410F9-6FEA-47F7-A78E-B4F6FB0539B8}.AutomatedRelease|x86.Build.0 = Release|Any CPU
		{FD9410F9-6FEA-47F7-A78E-B4F6FB0539B8}.Debug|Any CPU.ActiveCfg = Debug|Any CPU
		{FD9410F9-6FEA-47F7-A78E-B4F6FB0539B8}.Debug|Any CPU.Build.0 = Debug|Any CPU
		{FD9410F9-6FEA-47F7-A78E-B4F6FB0539B8}.Debug|x86.ActiveCfg = Debug|Any CPU
		{FD9410F9-6FEA-47F7-A78E-B4F6FB0539B8}.Debug|x86.Build.0 = Debug|Any CPU
		{FD9410F9-6FEA-47F7-A78E-B4F6FB0539B8}.Release|Any CPU.ActiveCfg = Release|Any CPU
		{FD9410F9-6FEA-47F7-A78E-B4F6FB0539B8}.Release|Any CPU.Build.0 = Release|Any CPU
		{FD9410F9-6FEA-47F7-A78E-B4F6FB0539B8}.Release|x86.ActiveCfg = Release|Any CPU
		{FD9410F9-6FEA-47F7-A78E-B4F6FB0539B8}.Release|x86.Build.0 = Release|Any CPU
		{FE941CF9-6FEA-47F7-A98E-B4F6FB0539B8}.AutomatedRelease|Any CPU.ActiveCfg = Release|Any CPU
		{FE941CF9-6FEA-47F7-A98E-B4F6FB0539B8}.AutomatedRelease|Any CPU.Build.0 = Release|Any CPU
		{FE941CF9-6FEA-47F7-A98E-B4F6FB0539B8}.AutomatedRelease|x86.ActiveCfg = Release|Any CPU
		{FE941CF9-6FEA-47F7-A98E-B4F6FB0539B8}.AutomatedRelease|x86.Build.0 = Release|Any CPU
		{FE941CF9-6FEA-47F7-A98E-B4F6FB0539B8}.Debug|Any CPU.ActiveCfg = Debug|Any CPU
		{FE941CF9-6FEA-47F7-A98E-B4F6FB0539B8}.Debug|Any CPU.Build.0 = Debug|Any CPU
		{FE941CF9-6FEA-47F7-A98E-B4F6FB0539B8}.Debug|x86.ActiveCfg = Debug|Any CPU
		{FE941CF9-6FEA-47F7-A98E-B4F6FB0539B8}.Debug|x86.Build.0 = Debug|Any CPU
		{FE941CF9-6FEA-47F7-A98E-B4F6FB0539B8}.Release|Any CPU.ActiveCfg = Release|Any CPU
		{FE941CF9-6FEA-47F7-A98E-B4F6FB0539B8}.Release|Any CPU.Build.0 = Release|Any CPU
		{FE941CF9-6FEA-47F7-A98E-B4F6FB0539B8}.Release|x86.ActiveCfg = Release|Any CPU
		{FE941CF9-6FEA-47F7-A98E-B4F6FB0539B8}.Release|x86.Build.0 = Release|Any CPU
	EndGlobalSection
	GlobalSection(SolutionProperties) = preSolution
		HideSolutionNode = FALSE
	EndGlobalSection
EndGlobal
