
Microsoft Visual Studio Solution File, Format Version 12.00
# Visual Studio Version 17
VisualStudioVersion = 17.8.34525.116
MinimumVisualStudioVersion = 10.0.40219.1
Project("{9A19103F-16F7-4668-BE54-9A1E7A4F7556}") = "AspireFluentMigrator.AppHost", "AspireFluentMigrator.AppHost\AspireFluentMigrator.AppHost.csproj", "{A9B20629-15C1-4108-8D10-C8BCA8882336}"
EndProject
Project("{9A19103F-16F7-4668-BE54-9A1E7A4F7556}") = "AspireFluentMigrator.MigrationService", "AspireFluentMigrator.MigrationService\AspireFluentMigrator.MigrationService.csproj", "{08DDAF08-3D12-409A-839B-4BCF1850B5FF}"
EndProject
Project("{9A19103F-16F7-4668-BE54-9A1E7A4F7556}") = "AspireFluentMigrator.ApiService", "AspireFluentMigrator.ApiService\AspireFluentMigrator.ApiService.csproj", "{213387E9-E280-41C5-B74F-3BAD3472945E}"
EndProject
Project("{9A19103F-16F7-4668-BE54-9A1E7A4F7556}") = "AspireFluentMigrator.ServiceDefaults", "AspireFluentMigrator.ServiceDefaults\AspireFluentMigrator.ServiceDefaults.csproj", "{B964F54C-908C-48B8-84FB-DDB3F11D6713}"
EndProject
Global
	GlobalSection(SolutionConfigurationPlatforms) = preSolution
		Debug|Any CPU = Debug|Any CPU
		Release|Any CPU = Release|Any CPU
	EndGlobalSection
	GlobalSection(ProjectConfigurationPlatforms) = postSolution
		{A9B20629-15C1-4108-8D10-C8BCA8882336}.Debug|Any CPU.ActiveCfg = Debug|Any CPU
		{A9B20629-15C1-4108-8D10-C8BCA8882336}.Debug|Any CPU.Build.0 = Debug|Any CPU
		{A9B20629-15C1-4108-8D10-C8BCA8882336}.Release|Any CPU.ActiveCfg = Release|Any CPU
		{A9B20629-15C1-4108-8D10-C8BCA8882336}.Release|Any CPU.Build.0 = Release|Any CPU
		{08DDAF08-3D12-409A-839B-4BCF1850B5FF}.Debug|Any CPU.ActiveCfg = Debug|Any CPU
		{08DDAF08-3D12-409A-839B-4BCF1850B5FF}.Debug|Any CPU.Build.0 = Debug|Any CPU
		{08DDAF08-3D12-409A-839B-4BCF1850B5FF}.Release|Any CPU.ActiveCfg = Release|Any CPU
		{08DDAF08-3D12-409A-839B-4BCF1850B5FF}.Release|Any CPU.Build.0 = Release|Any CPU
		{213387E9-E280-41C5-B74F-3BAD3472945E}.Debug|Any CPU.ActiveCfg = Debug|Any CPU
		{213387E9-E280-41C5-B74F-3BAD3472945E}.Debug|Any CPU.Build.0 = Debug|Any CPU
		{213387E9-E280-41C5-B74F-3BAD3472945E}.Release|Any CPU.ActiveCfg = Release|Any CPU
		{213387E9-E280-41C5-B74F-3BAD3472945E}.Release|Any CPU.Build.0 = Release|Any CPU
		{B964F54C-908C-48B8-84FB-DDB3F11D6713}.Debug|Any CPU.ActiveCfg = Debug|Any CPU
		{B964F54C-908C-48B8-84FB-DDB3F11D6713}.Debug|Any CPU.Build.0 = Debug|Any CPU
		{B964F54C-908C-48B8-84FB-DDB3F11D6713}.Release|Any CPU.ActiveCfg = Release|Any CPU
		{B964F54C-908C-48B8-84FB-DDB3F11D6713}.Release|Any CPU.Build.0 = Release|Any CPU
	EndGlobalSection
	GlobalSection(SolutionProperties) = preSolution
		HideSolutionNode = FALSE
	EndGlobalSection
EndGlobal
